
Microsoft Visual Studio Solution File, Format Version 12.00
# Visual Studio Version 16
VisualStudioVersion = 16.0.30804.86
MinimumVisualStudioVersion = 10.0.40219.1
Project("{9A19103F-16F7-4668-BE54-9A1E7A4F7556}") = "12142020_MvcRpsDemo", "12142020_MvcRpsDemo\12142020_MvcRpsDemo.csproj", "{6298A863-6E04-4915-9752-5C17F14990C8}"
EndProject
Project("{FAE04EC0-301F-11D3-BF4B-00C04F79EFBC}") = "BusinessLogicLayer", "BusinessLogicLayer\BusinessLogicLayer.csproj", "{F21CB8F6-A895-49A1-B86E-66FABB0C2756}"
EndProject
Project("{FAE04EC0-301F-11D3-BF4B-00C04F79EFBC}") = "RepositoryLayer", "RepositoryLayer\RepositoryLayer.csproj", "{F8C8DEF5-64A9-40FA-9A44-1F889083B213}"
EndProject
Project("{FAE04EC0-301F-11D3-BF4B-00C04F79EFBC}") = "ModelLayer", "ModelLayer\ModelLayer.csproj", "{285AE735-3E57-4ADF-84BC-BC9DAF479B5C}"
EndProject
Global
	GlobalSection(SolutionConfigurationPlatforms) = preSolution
		Debug|Any CPU = Debug|Any CPU
		Release|Any CPU = Release|Any CPU
	EndGlobalSection
	GlobalSection(ProjectConfigurationPlatforms) = postSolution
		{6298A863-6E04-4915-9752-5C17F14990C8}.Debug|Any CPU.ActiveCfg = Debug|Any CPU
		{6298A863-6E04-4915-9752-5C17F14990C8}.Debug|Any CPU.Build.0 = Debug|Any CPU
		{6298A863-6E04-4915-9752-5C17F14990C8}.Release|Any CPU.ActiveCfg = Release|Any CPU
		{6298A863-6E04-4915-9752-5C17F14990C8}.Release|Any CPU.Build.0 = Release|Any CPU
		{F21CB8F6-A895-49A1-B86E-66FABB0C2756}.Debug|Any CPU.ActiveCfg = Debug|Any CPU
		{F21CB8F6-A895-49A1-B86E-66FABB0C2756}.Debug|Any CPU.Build.0 = Debug|Any CPU
		{F21CB8F6-A895-49A1-B86E-66FABB0C2756}.Release|Any CPU.ActiveCfg = Release|Any CPU
		{F21CB8F6-A895-49A1-B86E-66FABB0C2756}.Release|Any CPU.Build.0 = Release|Any CPU
		{F8C8DEF5-64A9-40FA-9A44-1F889083B213}.Debug|Any CPU.ActiveCfg = Debug|Any CPU
		{F8C8DEF5-64A9-40FA-9A44-1F889083B213}.Debug|Any CPU.Build.0 = Debug|Any CPU
		{F8C8DEF5-64A9-40FA-9A44-1F889083B213}.Release|Any CPU.ActiveCfg = Release|Any CPU
		{F8C8DEF5-64A9-40FA-9A44-1F889083B213}.Release|Any CPU.Build.0 = Release|Any CPU
		{285AE735-3E57-4ADF-84BC-BC9DAF479B5C}.Debug|Any CPU.ActiveCfg = Debug|Any CPU
		{285AE735-3E57-4ADF-84BC-BC9DAF479B5C}.Debug|Any CPU.Build.0 = Debug|Any CPU
		{285AE735-3E57-4ADF-84BC-BC9DAF479B5C}.Release|Any CPU.ActiveCfg = Release|Any CPU
		{285AE735-3E57-4ADF-84BC-BC9DAF479B5C}.Release|Any CPU.Build.0 = Release|Any CPU
	EndGlobalSection
	GlobalSection(SolutionProperties) = preSolution
		HideSolutionNode = FALSE
	EndGlobalSection
	GlobalSection(ExtensibilityGlobals) = postSolution
		SolutionGuid = {8533C073-61A3-40F2-8810-D2CB4D1932AB}
	EndGlobalSection
EndGlobal
