
Microsoft Visual Studio Solution File, Format Version 12.00
# Visual Studio Version 16
VisualStudioVersion = 16.0.30907.101
MinimumVisualStudioVersion = 10.0.40219.1
Project("{FAE04EC0-301F-11D3-BF4B-00C04F79EFBC}") = "RpsApiDemo", "RpsApiDemo.csproj", "{213AE93D-E376-4CD7-B469-A4EAEB87E014}"
EndProject
Global
	GlobalSection(SolutionConfigurationPlatforms) = preSolution
		Debug|Any CPU = Debug|Any CPU
		Release|Any CPU = Release|Any CPU
	EndGlobalSection
	GlobalSection(ProjectConfigurationPlatforms) = postSolution
		{213AE93D-E376-4CD7-B469-A4EAEB87E014}.Debug|Any CPU.ActiveCfg = Debug|Any CPU
		{213AE93D-E376-4CD7-B469-A4EAEB87E014}.Debug|Any CPU.Build.0 = Debug|Any CPU
		{213AE93D-E376-4CD7-B469-A4EAEB87E014}.Release|Any CPU.ActiveCfg = Release|Any CPU
		{213AE93D-E376-4CD7-B469-A4EAEB87E014}.Release|Any CPU.Build.0 = Release|Any CPU
	EndGlobalSection
	GlobalSection(SolutionProperties) = preSolution
		HideSolutionNode = FALSE
	EndGlobalSection
	GlobalSection(ExtensibilityGlobals) = postSolution
		SolutionGuid = {DA17C399-4492-4BD0-BAF2-9980037F2DEB}
	EndGlobalSection
EndGlobal
